
Microsoft Visual Studio Solution File, Format Version 12.00
# Visual Studio 2012
Project("{FAE04EC0-301F-11D3-BF4B-00C04F79EFBC}") = "ScoringApp1", "ScoringApp1\ScoringApp1.csproj", "{329FABE5-3AB7-4A31-918F-2E53FAB11EAD}"
EndProject
Global
	GlobalSection(SolutionConfigurationPlatforms) = preSolution
		Debug|Any CPU = Debug|Any CPU
		Release|Any CPU = Release|Any CPU
	EndGlobalSection
	GlobalSection(ProjectConfigurationPlatforms) = postSolution
		{329FABE5-3AB7-4A31-918F-2E53FAB11EAD}.Debug|Any CPU.ActiveCfg = Debug|Any CPU
		{329FABE5-3AB7-4A31-918F-2E53FAB11EAD}.Debug|Any CPU.Build.0 = Debug|Any CPU
		{329FABE5-3AB7-4A31-918F-2E53FAB11EAD}.Release|Any CPU.ActiveCfg = Release|Any CPU
		{329FABE5-3AB7-4A31-918F-2E53FAB11EAD}.Release|Any CPU.Build.0 = Release|Any CPU
	EndGlobalSection
	GlobalSection(SolutionProperties) = preSolution
		HideSolutionNode = FALSE
	EndGlobalSection
EndGlobal
