
Microsoft Visual Studio Solution File, Format Version 12.00
# Visual Studio 2012
Project("{FAE04EC0-301F-11D3-BF4B-00C04F79EFBC}") = "EPPlusSamples", "SampleApp\EPPlusSamples.csproj", "{06BF3C68-E7D4-4579-90BE-E36DACE564EF}"
EndProject
Project("{FAE04EC0-301F-11D3-BF4B-00C04F79EFBC}") = "EPPlusWebSample", "EPPlusWebSample\EPPlusWebSample.csproj", "{1BF30A52-6149-432D-82F6-725250E5C662}"
EndProject
Global
	GlobalSection(SolutionConfigurationPlatforms) = preSolution
		Debug|Any CPU = Debug|Any CPU
		Release|Any CPU = Release|Any CPU
	EndGlobalSection
	GlobalSection(ProjectConfigurationPlatforms) = postSolution
		{06BF3C68-E7D4-4579-90BE-E36DACE564EF}.Debug|Any CPU.ActiveCfg = Debug|Any CPU
		{06BF3C68-E7D4-4579-90BE-E36DACE564EF}.Debug|Any CPU.Build.0 = Debug|Any CPU
		{06BF3C68-E7D4-4579-90BE-E36DACE564EF}.Release|Any CPU.ActiveCfg = Release|Any CPU
		{06BF3C68-E7D4-4579-90BE-E36DACE564EF}.Release|Any CPU.Build.0 = Release|Any CPU
		{1BF30A52-6149-432D-82F6-725250E5C662}.Debug|Any CPU.ActiveCfg = Debug|Any CPU
		{1BF30A52-6149-432D-82F6-725250E5C662}.Debug|Any CPU.Build.0 = Debug|Any CPU
		{1BF30A52-6149-432D-82F6-725250E5C662}.Release|Any CPU.ActiveCfg = Release|Any CPU
		{1BF30A52-6149-432D-82F6-725250E5C662}.Release|Any CPU.Build.0 = Release|Any CPU
	EndGlobalSection
	GlobalSection(SolutionProperties) = preSolution
		HideSolutionNode = FALSE
	EndGlobalSection
EndGlobal
